
Microsoft Visual Studio Solution File, Format Version 12.00
Project("{FAE04EC0-301F-11D3-BF4B-00C04F79EFBC}") = "GasMonitor", "GasMonitor\GasMonitor.csproj", "{6E788FDD-375D-491E-8F07-CCC793323309}"
EndProject
Project("{FAE04EC0-301F-11D3-BF4B-00C04F79EFBC}") = "GasMonitorTests", "GasMonitorTests\GasMonitorTests.csproj", "{3B26A3C7-EC72-49BF-A5A7-8102AD53F879}"
EndProject
Global
	GlobalSection(SolutionConfigurationPlatforms) = preSolution
		Debug|Any CPU = Debug|Any CPU
		Release|Any CPU = Release|Any CPU
	EndGlobalSection
	GlobalSection(ProjectConfigurationPlatforms) = postSolution
		{6E788FDD-375D-491E-8F07-CCC793323309}.Debug|Any CPU.ActiveCfg = Debug|Any CPU
		{6E788FDD-375D-491E-8F07-CCC793323309}.Debug|Any CPU.Build.0 = Debug|Any CPU
		{6E788FDD-375D-491E-8F07-CCC793323309}.Release|Any CPU.ActiveCfg = Release|Any CPU
		{6E788FDD-375D-491E-8F07-CCC793323309}.Release|Any CPU.Build.0 = Release|Any CPU
		{3B26A3C7-EC72-49BF-A5A7-8102AD53F879}.Debug|Any CPU.ActiveCfg = Debug|Any CPU
		{3B26A3C7-EC72-49BF-A5A7-8102AD53F879}.Debug|Any CPU.Build.0 = Debug|Any CPU
		{3B26A3C7-EC72-49BF-A5A7-8102AD53F879}.Release|Any CPU.ActiveCfg = Release|Any CPU
		{3B26A3C7-EC72-49BF-A5A7-8102AD53F879}.Release|Any CPU.Build.0 = Release|Any CPU
	EndGlobalSection
EndGlobal
